// !$*UTF8*$!
{
	archiveVersion = 1;
	classes = {
	};
	objectVersion = 56;
	objects = {

/* Begin PBXBuildFile section */
		2BCDF66E997E641D71D4A82B /* Pods_Tell_The_Sky.framework in Frameworks */ = {isa = PBXBuildFile; fileRef = E46FEA358F8C8D170264AD94 /* Pods_Tell_The_Sky.framework */; };
		B7A49201706022F57FC3A7AA /* Pods_Tell_The_SkyTests.framework in Frameworks */ = {isa = PBXBuildFile; fileRef = 839EC801340D40F5C0946C8F /* Pods_Tell_The_SkyTests.framework */; };
		DE34A7DF2930CBCC00CB2C60 /* AppDelegate.swift in Sources */ = {isa = PBXBuildFile; fileRef = DE34A7DE2930CBCC00CB2C60 /* AppDelegate.swift */; };
		DE34A7E12930CBCC00CB2C60 /* SceneDelegate.swift in Sources */ = {isa = PBXBuildFile; fileRef = DE34A7E02930CBCC00CB2C60 /* SceneDelegate.swift */; };
		DE34A7E32930CBCC00CB2C60 /* ViewController.swift in Sources */ = {isa = PBXBuildFile; fileRef = DE34A7E22930CBCC00CB2C60 /* ViewController.swift */; };
		DE34A7E62930CBCC00CB2C60 /* Main.storyboard in Resources */ = {isa = PBXBuildFile; fileRef = DE34A7E42930CBCC00CB2C60 /* Main.storyboard */; };
		DE34A7E82930CBCD00CB2C60 /* Assets.xcassets in Resources */ = {isa = PBXBuildFile; fileRef = DE34A7E72930CBCD00CB2C60 /* Assets.xcassets */; };
		DE34A7EB2930CBCD00CB2C60 /* LaunchScreen.storyboard in Resources */ = {isa = PBXBuildFile; fileRef = DE34A7E92930CBCD00CB2C60 /* LaunchScreen.storyboard */; };
		DE34A7F62930CBCD00CB2C60 /* Tell_The_SkyTests.swift in Sources */ = {isa = PBXBuildFile; fileRef = DE34A7F52930CBCD00CB2C60 /* Tell_The_SkyTests.swift */; };
		DE34A8002930CBCD00CB2C60 /* Tell_The_SkyUITests.swift in Sources */ = {isa = PBXBuildFile; fileRef = DE34A7FF2930CBCD00CB2C60 /* Tell_The_SkyUITests.swift */; };
		DE34A8022930CBCD00CB2C60 /* Tell_The_SkyUITestsLaunchTests.swift in Sources */ = {isa = PBXBuildFile; fileRef = DE34A8012930CBCD00CB2C60 /* Tell_The_SkyUITestsLaunchTests.swift */; };
		DE34A814293121B200CB2C60 /* HourlyCollectionViewCell.swift in Sources */ = {isa = PBXBuildFile; fileRef = DE34A812293121B200CB2C60 /* HourlyCollectionViewCell.swift */; };
		DE34A815293121B200CB2C60 /* HourlyCollectionViewCell.xib in Resources */ = {isa = PBXBuildFile; fileRef = DE34A813293121B200CB2C60 /* HourlyCollectionViewCell.xib */; };
		DE34A818293121C400CB2C60 /* DailyTableViewCell.swift in Sources */ = {isa = PBXBuildFile; fileRef = DE34A816293121C400CB2C60 /* DailyTableViewCell.swift */; };
		DE34A819293121C400CB2C60 /* DailyTableViewCell.xib in Resources */ = {isa = PBXBuildFile; fileRef = DE34A817293121C400CB2C60 /* DailyTableViewCell.xib */; };
		DE76233829317EC50035E36C /* AppExtensions.swift in Sources */ = {isa = PBXBuildFile; fileRef = DE76233729317EC50035E36C /* AppExtensions.swift */; };
		DE76233A29317F030035E36C /* AppUtils.swift in Sources */ = {isa = PBXBuildFile; fileRef = DE76233929317F030035E36C /* AppUtils.swift */; };
		EB0A73B125087D1B01D0E22E /* Pods_Tell_The_Sky_Tell_The_SkyUITests.framework in Frameworks */ = {isa = PBXBuildFile; fileRef = C636A84EAF52FCB75A9959F9 /* Pods_Tell_The_Sky_Tell_The_SkyUITests.framework */; };
/* End PBXBuildFile section */

/* Begin PBXContainerItemProxy section */
		DE34A7F22930CBCD00CB2C60 /* PBXContainerItemProxy */ = {
			isa = PBXContainerItemProxy;
			containerPortal = DE34A7D32930CBCC00CB2C60 /* Project object */;
			proxyType = 1;
			remoteGlobalIDString = DE34A7DA2930CBCC00CB2C60;
			remoteInfo = "Tell The Sky";
		};
		DE34A7FC2930CBCD00CB2C60 /* PBXContainerItemProxy */ = {
			isa = PBXContainerItemProxy;
			containerPortal = DE34A7D32930CBCC00CB2C60 /* Project object */;
			proxyType = 1;
			remoteGlobalIDString = DE34A7DA2930CBCC00CB2C60;
			remoteInfo = "Tell The Sky";
		};
/* End PBXContainerItemProxy section */

/* Begin PBXFileReference section */
		090E747B38780743B68DF853 /* Pods-Tell The Sky-Tell The SkyUITests.debug.xcconfig */ = {isa = PBXFileReference; includeInIndex = 1; lastKnownFileType = text.xcconfig; name = "Pods-Tell The Sky-Tell The SkyUITests.debug.xcconfig"; path = "Target Support Files/Pods-Tell The Sky-Tell The SkyUITests/Pods-Tell The Sky-Tell The SkyUITests.debug.xcconfig"; sourceTree = "<group>"; };
		1A7050A6A9373C0CD81FAEED /* Pods-Tell The Sky.debug.xcconfig */ = {isa = PBXFileReference; includeInIndex = 1; lastKnownFileType = text.xcconfig; name = "Pods-Tell The Sky.debug.xcconfig"; path = "Target Support Files/Pods-Tell The Sky/Pods-Tell The Sky.debug.xcconfig"; sourceTree = "<group>"; };
		56374415E05EC5F1E589A1BD /* Pods-Tell The Sky.release.xcconfig */ = {isa = PBXFileReference; includeInIndex = 1; lastKnownFileType = text.xcconfig; name = "Pods-Tell The Sky.release.xcconfig"; path = "Target Support Files/Pods-Tell The Sky/Pods-Tell The Sky.release.xcconfig"; sourceTree = "<group>"; };
		6E26252F01B41DEB08FD919F /* Pods-Tell The SkyTests.release.xcconfig */ = {isa = PBXFileReference; includeInIndex = 1; lastKnownFileType = text.xcconfig; name = "Pods-Tell The SkyTests.release.xcconfig"; path = "Target Support Files/Pods-Tell The SkyTests/Pods-Tell The SkyTests.release.xcconfig"; sourceTree = "<group>"; };
		839EC801340D40F5C0946C8F /* Pods_Tell_The_SkyTests.framework */ = {isa = PBXFileReference; explicitFileType = wrapper.framework; includeInIndex = 0; path = Pods_Tell_The_SkyTests.framework; sourceTree = BUILT_PRODUCTS_DIR; };
		C636A84EAF52FCB75A9959F9 /* Pods_Tell_The_Sky_Tell_The_SkyUITests.framework */ = {isa = PBXFileReference; explicitFileType = wrapper.framework; includeInIndex = 0; path = Pods_Tell_The_Sky_Tell_The_SkyUITests.framework; sourceTree = BUILT_PRODUCTS_DIR; };
		C77A21D53FB3B68FD73C996B /* Pods-Tell The Sky-Tell The SkyUITests.release.xcconfig */ = {isa = PBXFileReference; includeInIndex = 1; lastKnownFileType = text.xcconfig; name = "Pods-Tell The Sky-Tell The SkyUITests.release.xcconfig"; path = "Target Support Files/Pods-Tell The Sky-Tell The SkyUITests/Pods-Tell The Sky-Tell The SkyUITests.release.xcconfig"; sourceTree = "<group>"; };
		DE34A7DB2930CBCC00CB2C60 /* Tell The Sky.app */ = {isa = PBXFileReference; explicitFileType = wrapper.application; includeInIndex = 0; path = "Tell The Sky.app"; sourceTree = BUILT_PRODUCTS_DIR; };
		DE34A7DE2930CBCC00CB2C60 /* AppDelegate.swift */ = {isa = PBXFileReference; lastKnownFileType = sourcecode.swift; path = AppDelegate.swift; sourceTree = "<group>"; };
		DE34A7E02930CBCC00CB2C60 /* SceneDelegate.swift */ = {isa = PBXFileReference; lastKnownFileType = sourcecode.swift; path = SceneDelegate.swift; sourceTree = "<group>"; };
		DE34A7E22930CBCC00CB2C60 /* ViewController.swift */ = {isa = PBXFileReference; lastKnownFileType = sourcecode.swift; path = ViewController.swift; sourceTree = "<group>"; };
		DE34A7E52930CBCC00CB2C60 /* Base */ = {isa = PBXFileReference; lastKnownFileType = file.storyboard; name = Base; path = Base.lproj/Main.storyboard; sourceTree = "<group>"; };
		DE34A7E72930CBCD00CB2C60 /* Assets.xcassets */ = {isa = PBXFileReference; lastKnownFileType = folder.assetcatalog; path = Assets.xcassets; sourceTree = "<group>"; };
		DE34A7EA2930CBCD00CB2C60 /* Base */ = {isa = PBXFileReference; lastKnownFileType = file.storyboard; name = Base; path = Base.lproj/LaunchScreen.storyboard; sourceTree = "<group>"; };
		DE34A7EC2930CBCD00CB2C60 /* Info.plist */ = {isa = PBXFileReference; lastKnownFileType = text.plist.xml; path = Info.plist; sourceTree = "<group>"; };
		DE34A7F12930CBCD00CB2C60 /* Tell The SkyTests.xctest */ = {isa = PBXFileReference; explicitFileType = wrapper.cfbundle; includeInIndex = 0; path = "Tell The SkyTests.xctest"; sourceTree = BUILT_PRODUCTS_DIR; };
		DE34A7F52930CBCD00CB2C60 /* Tell_The_SkyTests.swift */ = {isa = PBXFileReference; lastKnownFileType = sourcecode.swift; path = Tell_The_SkyTests.swift; sourceTree = "<group>"; };
		DE34A7FB2930CBCD00CB2C60 /* Tell The SkyUITests.xctest */ = {isa = PBXFileReference; explicitFileType = wrapper.cfbundle; includeInIndex = 0; path = "Tell The SkyUITests.xctest"; sourceTree = BUILT_PRODUCTS_DIR; };
		DE34A7FF2930CBCD00CB2C60 /* Tell_The_SkyUITests.swift */ = {isa = PBXFileReference; lastKnownFileType = sourcecode.swift; path = Tell_The_SkyUITests.swift; sourceTree = "<group>"; };
		DE34A8012930CBCD00CB2C60 /* Tell_The_SkyUITestsLaunchTests.swift */ = {isa = PBXFileReference; lastKnownFileType = sourcecode.swift; path = Tell_The_SkyUITestsLaunchTests.swift; sourceTree = "<group>"; };
		DE34A812293121B200CB2C60 /* HourlyCollectionViewCell.swift */ = {isa = PBXFileReference; lastKnownFileType = sourcecode.swift; path = HourlyCollectionViewCell.swift; sourceTree = "<group>"; };
		DE34A813293121B200CB2C60 /* HourlyCollectionViewCell.xib */ = {isa = PBXFileReference; lastKnownFileType = file.xib; path = HourlyCollectionViewCell.xib; sourceTree = "<group>"; };
		DE34A816293121C400CB2C60 /* DailyTableViewCell.swift */ = {isa = PBXFileReference; lastKnownFileType = sourcecode.swift; path = DailyTableViewCell.swift; sourceTree = "<group>"; };
		DE34A817293121C400CB2C60 /* DailyTableViewCell.xib */ = {isa = PBXFileReference; lastKnownFileType = file.xib; path = DailyTableViewCell.xib; sourceTree = "<group>"; };
		DE76233729317EC50035E36C /* AppExtensions.swift */ = {isa = PBXFileReference; lastKnownFileType = sourcecode.swift; path = AppExtensions.swift; sourceTree = "<group>"; };
		DE76233929317F030035E36C /* AppUtils.swift */ = {isa = PBXFileReference; lastKnownFileType = sourcecode.swift; path = AppUtils.swift; sourceTree = "<group>"; };
		E46FEA358F8C8D170264AD94 /* Pods_Tell_The_Sky.framework */ = {isa = PBXFileReference; explicitFileType = wrapper.framework; includeInIndex = 0; path = Pods_Tell_The_Sky.framework; sourceTree = BUILT_PRODUCTS_DIR; };
		F7BD35B9DFF8B20F7F9F2D62 /* Pods-Tell The SkyTests.debug.xcconfig */ = {isa = PBXFileReference; includeInIndex = 1; lastKnownFileType = text.xcconfig; name = "Pods-Tell The SkyTests.debug.xcconfig"; path = "Target Support Files/Pods-Tell The SkyTests/Pods-Tell The SkyTests.debug.xcconfig"; sourceTree = "<group>"; };
/* End PBXFileReference section */

/* Begin PBXFrameworksBuildPhase section */
		DE34A7D82930CBCC00CB2C60 /* Frameworks */ = {
			isa = PBXFrameworksBuildPhase;
			buildActionMask = 2147483647;
			files = (
				2BCDF66E997E641D71D4A82B /* Pods_Tell_The_Sky.framework in Frameworks */,
			);
			runOnlyForDeploymentPostprocessing = 0;
		};
		DE34A7EE2930CBCD00CB2C60 /* Frameworks */ = {
			isa = PBXFrameworksBuildPhase;
			buildActionMask = 2147483647;
			files = (
				B7A49201706022F57FC3A7AA /* Pods_Tell_The_SkyTests.framework in Frameworks */,
			);
			runOnlyForDeploymentPostprocessing = 0;
		};
		DE34A7F82930CBCD00CB2C60 /* Frameworks */ = {
			isa = PBXFrameworksBuildPhase;
			buildActionMask = 2147483647;
			files = (
				EB0A73B125087D1B01D0E22E /* Pods_Tell_The_Sky_Tell_The_SkyUITests.framework in Frameworks */,
			);
			runOnlyForDeploymentPostprocessing = 0;
		};
/* End PBXFrameworksBuildPhase section */

/* Begin PBXGroup section */
		DE34A7D22930CBCC00CB2C60 = {
			isa = PBXGroup;
			children = (
				DE34A7DD2930CBCC00CB2C60 /* Tell The Sky */,
				DE34A7F42930CBCD00CB2C60 /* Tell The SkyTests */,
				DE34A7FE2930CBCD00CB2C60 /* Tell The SkyUITests */,
				DE34A7DC2930CBCC00CB2C60 /* Products */,
				FE7A09BFB06A5224551CFBDE /* Pods */,
				ED2ECC6831D0A30373F46261 /* Frameworks */,
			);
			sourceTree = "<group>";
		};
		DE34A7DC2930CBCC00CB2C60 /* Products */ = {
			isa = PBXGroup;
			children = (
				DE34A7DB2930CBCC00CB2C60 /* Tell The Sky.app */,
				DE34A7F12930CBCD00CB2C60 /* Tell The SkyTests.xctest */,
				DE34A7FB2930CBCD00CB2C60 /* Tell The SkyUITests.xctest */,
			);
			name = Products;
			sourceTree = "<group>";
		};
		DE34A7DD2930CBCC00CB2C60 /* Tell The Sky */ = {
			isa = PBXGroup;
			children = (
				DE76233229317D3F0035E36C /* Generals */,
				DE76233429317D860035E36C /* Storyboards */,
				DE76233329317D610035E36C /* AppControllers */,
				DE76233129317D240035E36C /* Xib files */,
				DE76233629317E160035E36C /* Utils */,
				DE76233529317DF00035E36C /* Resources */,
				DE34A7EC2930CBCD00CB2C60 /* Info.plist */,
			);
			path = "Tell The Sky";
			sourceTree = "<group>";
		};
		DE34A7F42930CBCD00CB2C60 /* Tell The SkyTests */ = {
			isa = PBXGroup;
			children = (
				DE34A7F52930CBCD00CB2C60 /* Tell_The_SkyTests.swift */,
			);
			path = "Tell The SkyTests";
			sourceTree = "<group>";
		};
		DE34A7FE2930CBCD00CB2C60 /* Tell The SkyUITests */ = {
			isa = PBXGroup;
			children = (
				DE34A7FF2930CBCD00CB2C60 /* Tell_The_SkyUITests.swift */,
				DE34A8012930CBCD00CB2C60 /* Tell_The_SkyUITestsLaunchTests.swift */,
			);
			path = "Tell The SkyUITests";
			sourceTree = "<group>";
		};
		DE76233129317D240035E36C /* Xib files */ = {
			isa = PBXGroup;
			children = (
				DE34A812293121B200CB2C60 /* HourlyCollectionViewCell.swift */,
				DE34A813293121B200CB2C60 /* HourlyCollectionViewCell.xib */,
				DE34A816293121C400CB2C60 /* DailyTableViewCell.swift */,
				DE34A817293121C400CB2C60 /* DailyTableViewCell.xib */,
			);
			path = "Xib files";
			sourceTree = "<group>";
		};
		DE76233229317D3F0035E36C /* Generals */ = {
			isa = PBXGroup;
			children = (
				DE34A7DE2930CBCC00CB2C60 /* AppDelegate.swift */,
				DE34A7E02930CBCC00CB2C60 /* SceneDelegate.swift */,
			);
			path = Generals;
			sourceTree = "<group>";
		};
		DE76233329317D610035E36C /* AppControllers */ = {
			isa = PBXGroup;
			children = (
				DE34A7E22930CBCC00CB2C60 /* ViewController.swift */,
			);
			path = AppControllers;
			sourceTree = "<group>";
		};
		DE76233429317D860035E36C /* Storyboards */ = {
			isa = PBXGroup;
			children = (
				DE34A7E42930CBCC00CB2C60 /* Main.storyboard */,
				DE34A7E92930CBCD00CB2C60 /* LaunchScreen.storyboard */,
			);
			path = Storyboards;
			sourceTree = "<group>";
		};
		DE76233529317DF00035E36C /* Resources */ = {
			isa = PBXGroup;
			children = (
				DE34A7E72930CBCD00CB2C60 /* Assets.xcassets */,
			);
			path = Resources;
			sourceTree = "<group>";
		};
		DE76233629317E160035E36C /* Utils */ = {
			isa = PBXGroup;
			children = (
				DE76233729317EC50035E36C /* AppExtensions.swift */,
				DE76233929317F030035E36C /* AppUtils.swift */,
			);
			path = Utils;
			sourceTree = "<group>";
		};
		ED2ECC6831D0A30373F46261 /* Frameworks */ = {
			isa = PBXGroup;
			children = (
				E46FEA358F8C8D170264AD94 /* Pods_Tell_The_Sky.framework */,
				C636A84EAF52FCB75A9959F9 /* Pods_Tell_The_Sky_Tell_The_SkyUITests.framework */,
				839EC801340D40F5C0946C8F /* Pods_Tell_The_SkyTests.framework */,
			);
			name = Frameworks;
			sourceTree = "<group>";
		};
		FE7A09BFB06A5224551CFBDE /* Pods */ = {
			isa = PBXGroup;
			children = (
				1A7050A6A9373C0CD81FAEED /* Pods-Tell The Sky.debug.xcconfig */,
				56374415E05EC5F1E589A1BD /* Pods-Tell The Sky.release.xcconfig */,
				090E747B38780743B68DF853 /* Pods-Tell The Sky-Tell The SkyUITests.debug.xcconfig */,
				C77A21D53FB3B68FD73C996B /* Pods-Tell The Sky-Tell The SkyUITests.release.xcconfig */,
				F7BD35B9DFF8B20F7F9F2D62 /* Pods-Tell The SkyTests.debug.xcconfig */,
				6E26252F01B41DEB08FD919F /* Pods-Tell The SkyTests.release.xcconfig */,
			);
			path = Pods;
			sourceTree = "<group>";
		};
/* End PBXGroup section */

/* Begin PBXNativeTarget section */
		DE34A7DA2930CBCC00CB2C60 /* Tell The Sky */ = {
			isa = PBXNativeTarget;
			buildConfigurationList = DE34A8052930CBCD00CB2C60 /* Build configuration list for PBXNativeTarget "Tell The Sky" */;
			buildPhases = (
				8F7705816927A52141B2F3E3 /* [CP] Check Pods Manifest.lock */,
				DE34A7D72930CBCC00CB2C60 /* Sources */,
				DE34A7D82930CBCC00CB2C60 /* Frameworks */,
				DE34A7D92930CBCC00CB2C60 /* Resources */,
				C8BF5863A342C570F00F9DEE /* [CP] Embed Pods Frameworks */,
			);
			buildRules = (
			);
			dependencies = (
			);
			name = "Tell The Sky";
			productName = "Tell The Sky";
			productReference = DE34A7DB2930CBCC00CB2C60 /* Tell The Sky.app */;
			productType = "com.apple.product-type.application";
		};
		DE34A7F02930CBCD00CB2C60 /* Tell The SkyTests */ = {
			isa = PBXNativeTarget;
			buildConfigurationList = DE34A8082930CBCD00CB2C60 /* Build configuration list for PBXNativeTarget "Tell The SkyTests" */;
			buildPhases = (
				AC88087FE60803DE4FB384C2 /* [CP] Check Pods Manifest.lock */,
				DE34A7ED2930CBCD00CB2C60 /* Sources */,
				DE34A7EE2930CBCD00CB2C60 /* Frameworks */,
				DE34A7EF2930CBCD00CB2C60 /* Resources */,
			);
			buildRules = (
			);
			dependencies = (
				DE34A7F32930CBCD00CB2C60 /* PBXTargetDependency */,
			);
			name = "Tell The SkyTests";
			productName = "Tell The SkyTests";
			productReference = DE34A7F12930CBCD00CB2C60 /* Tell The SkyTests.xctest */;
			productType = "com.apple.product-type.bundle.unit-test";
		};
		DE34A7FA2930CBCD00CB2C60 /* Tell The SkyUITests */ = {
			isa = PBXNativeTarget;
			buildConfigurationList = DE34A80B2930CBCD00CB2C60 /* Build configuration list for PBXNativeTarget "Tell The SkyUITests" */;
			buildPhases = (
				B6684DDE3E2197AACE859F00 /* [CP] Check Pods Manifest.lock */,
				DE34A7F72930CBCD00CB2C60 /* Sources */,
				DE34A7F82930CBCD00CB2C60 /* Frameworks */,
				DE34A7F92930CBCD00CB2C60 /* Resources */,
				005643DB75DB991D6F441587 /* [CP] Embed Pods Frameworks */,
			);
			buildRules = (
			);
			dependencies = (
				DE34A7FD2930CBCD00CB2C60 /* PBXTargetDependency */,
			);
			name = "Tell The SkyUITests";
			productName = "Tell The SkyUITests";
			productReference = DE34A7FB2930CBCD00CB2C60 /* Tell The SkyUITests.xctest */;
			productType = "com.apple.product-type.bundle.ui-testing";
		};
/* End PBXNativeTarget section */

/* Begin PBXProject section */
		DE34A7D32930CBCC00CB2C60 /* Project object */ = {
			isa = PBXProject;
			attributes = {
				BuildIndependentTargetsInParallel = 1;
				LastSwiftUpdateCheck = 1410;
				LastUpgradeCheck = 1410;
				TargetAttributes = {
					DE34A7DA2930CBCC00CB2C60 = {
						CreatedOnToolsVersion = 14.1;
					};
					DE34A7F02930CBCD00CB2C60 = {
						CreatedOnToolsVersion = 14.1;
						TestTargetID = DE34A7DA2930CBCC00CB2C60;
					};
					DE34A7FA2930CBCD00CB2C60 = {
						CreatedOnToolsVersion = 14.1;
						TestTargetID = DE34A7DA2930CBCC00CB2C60;
					};
				};
			};
			buildConfigurationList = DE34A7D62930CBCC00CB2C60 /* Build configuration list for PBXProject "Tell The Sky" */;
			compatibilityVersion = "Xcode 14.0";
			developmentRegion = en;
			hasScannedForEncodings = 0;
			knownRegions = (
				en,
				Base,
			);
			mainGroup = DE34A7D22930CBCC00CB2C60;
			productRefGroup = DE34A7DC2930CBCC00CB2C60 /* Products */;
			projectDirPath = "";
			projectRoot = "";
			targets = (
				DE34A7DA2930CBCC00CB2C60 /* Tell The Sky */,
				DE34A7F02930CBCD00CB2C60 /* Tell The SkyTests */,
				DE34A7FA2930CBCD00CB2C60 /* Tell The SkyUITests */,
			);
		};
/* End PBXProject section */

/* Begin PBXResourcesBuildPhase section */
		DE34A7D92930CBCC00CB2C60 /* Resources */ = {
			isa = PBXResourcesBuildPhase;
			buildActionMask = 2147483647;
			files = (
				DE34A7EB2930CBCD00CB2C60 /* LaunchScreen.storyboard in Resources */,
				DE34A819293121C400CB2C60 /* DailyTableViewCell.xib in Resources */,
				DE34A7E82930CBCD00CB2C60 /* Assets.xcassets in Resources */,
				DE34A7E62930CBCC00CB2C60 /* Main.storyboard in Resources */,
				DE34A815293121B200CB2C60 /* HourlyCollectionViewCell.xib in Resources */,
			);
			runOnlyForDeploymentPostprocessing = 0;
		};
		DE34A7EF2930CBCD00CB2C60 /* Resources */ = {
			isa = PBXResourcesBuildPhase;
			buildActionMask = 2147483647;
			files = (
			);
			runOnlyForDeploymentPostprocessing = 0;
		};
		DE34A7F92930CBCD00CB2C60 /* Resources */ = {
			isa = PBXResourcesBuildPhase;
			buildActionMask = 2147483647;
			files = (
			);
			runOnlyForDeploymentPostprocessing = 0;
		};
/* End PBXResourcesBuildPhase section */

/* Begin PBXShellScriptBuildPhase section */
		005643DB75DB991D6F441587 /* [CP] Embed Pods Frameworks */ = {
			isa = PBXShellScriptBuildPhase;
			buildActionMask = 2147483647;
			files = (
			);
			inputFileListPaths = (
				"${PODS_ROOT}/Target Support Files/Pods-Tell The Sky-Tell The SkyUITests/Pods-Tell The Sky-Tell The SkyUITests-frameworks-${CONFIGURATION}-input-files.xcfilelist",
			);
			name = "[CP] Embed Pods Frameworks";
			outputFileListPaths = (
				"${PODS_ROOT}/Target Support Files/Pods-Tell The Sky-Tell The SkyUITests/Pods-Tell The Sky-Tell The SkyUITests-frameworks-${CONFIGURATION}-output-files.xcfilelist",
			);
			runOnlyForDeploymentPostprocessing = 0;
			shellPath = /bin/sh;
			shellScript = "\"${PODS_ROOT}/Target Support Files/Pods-Tell The Sky-Tell The SkyUITests/Pods-Tell The Sky-Tell The SkyUITests-frameworks.sh\"\n";
			showEnvVarsInLog = 0;
		};
		8F7705816927A52141B2F3E3 /* [CP] Check Pods Manifest.lock */ = {
			isa = PBXShellScriptBuildPhase;
			buildActionMask = 2147483647;
			files = (
			);
			inputFileListPaths = (
			);
			inputPaths = (
				"${PODS_PODFILE_DIR_PATH}/Podfile.lock",
				"${PODS_ROOT}/Manifest.lock",
			);
			name = "[CP] Check Pods Manifest.lock";
			outputFileListPaths = (
			);
			outputPaths = (
				"$(DERIVED_FILE_DIR)/Pods-Tell The Sky-checkManifestLockResult.txt",
			);
			runOnlyForDeploymentPostprocessing = 0;
			shellPath = /bin/sh;
			shellScript = "diff \"${PODS_PODFILE_DIR_PATH}/Podfile.lock\" \"${PODS_ROOT}/Manifest.lock\" > /dev/null\nif [ $? != 0 ] ; then\n    # print error to STDERR\n    echo \"error: The sandbox is not in sync with the Podfile.lock. Run 'pod install' or update your CocoaPods installation.\" >&2\n    exit 1\nfi\n# This output is used by Xcode 'outputs' to avoid re-running this script phase.\necho \"SUCCESS\" > \"${SCRIPT_OUTPUT_FILE_0}\"\n";
			showEnvVarsInLog = 0;
		};
		AC88087FE60803DE4FB384C2 /* [CP] Check Pods Manifest.lock */ = {
			isa = PBXShellScriptBuildPhase;
			buildActionMask = 2147483647;
			files = (
			);
			inputFileListPaths = (
			);
			inputPaths = (
				"${PODS_PODFILE_DIR_PATH}/Podfile.lock",
				"${PODS_ROOT}/Manifest.lock",
			);
			name = "[CP] Check Pods Manifest.lock";
			outputFileListPaths = (
			);
			outputPaths = (
				"$(DERIVED_FILE_DIR)/Pods-Tell The SkyTests-checkManifestLockResult.txt",
			);
			runOnlyForDeploymentPostprocessing = 0;
			shellPath = /bin/sh;
			shellScript = "diff \"${PODS_PODFILE_DIR_PATH}/Podfile.lock\" \"${PODS_ROOT}/Manifest.lock\" > /dev/null\nif [ $? != 0 ] ; then\n    # print error to STDERR\n    echo \"error: The sandbox is not in sync with the Podfile.lock. Run 'pod install' or update your CocoaPods installation.\" >&2\n    exit 1\nfi\n# This output is used by Xcode 'outputs' to avoid re-running this script phase.\necho \"SUCCESS\" > \"${SCRIPT_OUTPUT_FILE_0}\"\n";
			showEnvVarsInLog = 0;
		};
		B6684DDE3E2197AACE859F00 /* [CP] Check Pods Manifest.lock */ = {
			isa = PBXShellScriptBuildPhase;
			buildActionMask = 2147483647;
			files = (
			);
			inputFileListPaths = (
			);
			inputPaths = (
				"${PODS_PODFILE_DIR_PATH}/Podfile.lock",
				"${PODS_ROOT}/Manifest.lock",
			);
			name = "[CP] Check Pods Manifest.lock";
			outputFileListPaths = (
			);
			outputPaths = (
				"$(DERIVED_FILE_DIR)/Pods-Tell The Sky-Tell The SkyUITests-checkManifestLockResult.txt",
			);
			runOnlyForDeploymentPostprocessing = 0;
			shellPath = /bin/sh;
			shellScript = "diff \"${PODS_PODFILE_DIR_PATH}/Podfile.lock\" \"${PODS_ROOT}/Manifest.lock\" > /dev/null\nif [ $? != 0 ] ; then\n    # print error to STDERR\n    echo \"error: The sandbox is not in sync with the Podfile.lock. Run 'pod install' or update your CocoaPods installation.\" >&2\n    exit 1\nfi\n# This output is used by Xcode 'outputs' to avoid re-running this script phase.\necho \"SUCCESS\" > \"${SCRIPT_OUTPUT_FILE_0}\"\n";
			showEnvVarsInLog = 0;
		};
		C8BF5863A342C570F00F9DEE /* [CP] Embed Pods Frameworks */ = {
			isa = PBXShellScriptBuildPhase;
			buildActionMask = 2147483647;
			files = (
			);
			inputFileListPaths = (
				"${PODS_ROOT}/Target Support Files/Pods-Tell The Sky/Pods-Tell The Sky-frameworks-${CONFIGURATION}-input-files.xcfilelist",
			);
			name = "[CP] Embed Pods Frameworks";
			outputFileListPaths = (
				"${PODS_ROOT}/Target Support Files/Pods-Tell The Sky/Pods-Tell The Sky-frameworks-${CONFIGURATION}-output-files.xcfilelist",
			);
			runOnlyForDeploymentPostprocessing = 0;
			shellPath = /bin/sh;
			shellScript = "\"${PODS_ROOT}/Target Support Files/Pods-Tell The Sky/Pods-Tell The Sky-frameworks.sh\"\n";
			showEnvVarsInLog = 0;
		};
/* End PBXShellScriptBuildPhase section */

/* Begin PBXSourcesBuildPhase section */
		DE34A7D72930CBCC00CB2C60 /* Sources */ = {
			isa = PBXSourcesBuildPhase;
			buildActionMask = 2147483647;
			files = (
				DE34A7E32930CBCC00CB2C60 /* ViewController.swift in Sources */,
				DE34A818293121C400CB2C60 /* DailyTableViewCell.swift in Sources */,
				DE34A7DF2930CBCC00CB2C60 /* AppDelegate.swift in Sources */,
				DE76233829317EC50035E36C /* AppExtensions.swift in Sources */,
				DE34A7E12930CBCC00CB2C60 /* SceneDelegate.swift in Sources */,
				DE76233A29317F030035E36C /* AppUtils.swift in Sources */,
				DE34A814293121B200CB2C60 /* HourlyCollectionViewCell.swift in Sources */,
			);
			runOnlyForDeploymentPostprocessing = 0;
		};
		DE34A7ED2930CBCD00CB2C60 /* Sources */ = {
			isa = PBXSourcesBuildPhase;
			buildActionMask = 2147483647;
			files = (
				DE34A7F62930CBCD00CB2C60 /* Tell_The_SkyTests.swift in Sources */,
			);
			runOnlyForDeploymentPostprocessing = 0;
		};
		DE34A7F72930CBCD00CB2C60 /* Sources */ = {
			isa = PBXSourcesBuildPhase;
			buildActionMask = 2147483647;
			files = (
				DE34A8002930CBCD00CB2C60 /* Tell_The_SkyUITests.swift in Sources */,
				DE34A8022930CBCD00CB2C60 /* Tell_The_SkyUITestsLaunchTests.swift in Sources */,
			);
			runOnlyForDeploymentPostprocessing = 0;
		};
/* End PBXSourcesBuildPhase section */

/* Begin PBXTargetDependency section */
		DE34A7F32930CBCD00CB2C60 /* PBXTargetDependency */ = {
			isa = PBXTargetDependency;
			target = DE34A7DA2930CBCC00CB2C60 /* Tell The Sky */;
			targetProxy = DE34A7F22930CBCD00CB2C60 /* PBXContainerItemProxy */;
		};
		DE34A7FD2930CBCD00CB2C60 /* PBXTargetDependency */ = {
			isa = PBXTargetDependency;
			target = DE34A7DA2930CBCC00CB2C60 /* Tell The Sky */;
			targetProxy = DE34A7FC2930CBCD00CB2C60 /* PBXContainerItemProxy */;
		};
/* End PBXTargetDependency section */

/* Begin PBXVariantGroup section */
		DE34A7E42930CBCC00CB2C60 /* Main.storyboard */ = {
			isa = PBXVariantGroup;
			children = (
				DE34A7E52930CBCC00CB2C60 /* Base */,
			);
			name = Main.storyboard;
			sourceTree = "<group>";
		};
		DE34A7E92930CBCD00CB2C60 /* LaunchScreen.storyboard */ = {
			isa = PBXVariantGroup;
			children = (
				DE34A7EA2930CBCD00CB2C60 /* Base */,
			);
			name = LaunchScreen.storyboard;
			sourceTree = "<group>";
		};
/* End PBXVariantGroup section */

/* Begin XCBuildConfiguration section */
		DE34A8032930CBCD00CB2C60 /* Debug */ = {
			isa = XCBuildConfiguration;
			buildSettings = {
				ALWAYS_SEARCH_USER_PATHS = NO;
				CLANG_ANALYZER_NONNULL = YES;
				CLANG_ANALYZER_NUMBER_OBJECT_CONVERSION = YES_AGGRESSIVE;
				CLANG_CXX_LANGUAGE_STANDARD = "gnu++20";
				CLANG_ENABLE_MODULES = YES;
				CLANG_ENABLE_OBJC_ARC = YES;
				CLANG_ENABLE_OBJC_WEAK = YES;
				CLANG_WARN_BLOCK_CAPTURE_AUTORELEASING = YES;
				CLANG_WARN_BOOL_CONVERSION = YES;
				CLANG_WARN_COMMA = YES;
				CLANG_WARN_CONSTANT_CONVERSION = YES;
				CLANG_WARN_DEPRECATED_OBJC_IMPLEMENTATIONS = YES;
				CLANG_WARN_DIRECT_OBJC_ISA_USAGE = YES_ERROR;
				CLANG_WARN_DOCUMENTATION_COMMENTS = YES;
				CLANG_WARN_EMPTY_BODY = YES;
				CLANG_WARN_ENUM_CONVERSION = YES;
				CLANG_WARN_INFINITE_RECURSION = YES;
				CLANG_WARN_INT_CONVERSION = YES;
				CLANG_WARN_NON_LITERAL_NULL_CONVERSION = YES;
				CLANG_WARN_OBJC_IMPLICIT_RETAIN_SELF = YES;
				CLANG_WARN_OBJC_LITERAL_CONVERSION = YES;
				CLANG_WARN_OBJC_ROOT_CLASS = YES_ERROR;
				CLANG_WARN_QUOTED_INCLUDE_IN_FRAMEWORK_HEADER = YES;
				CLANG_WARN_RANGE_LOOP_ANALYSIS = YES;
				CLANG_WARN_STRICT_PROTOTYPES = YES;
				CLANG_WARN_SUSPICIOUS_MOVE = YES;
				CLANG_WARN_UNGUARDED_AVAILABILITY = YES_AGGRESSIVE;
				CLANG_WARN_UNREACHABLE_CODE = YES;
				CLANG_WARN__DUPLICATE_METHOD_MATCH = YES;
				COPY_PHASE_STRIP = NO;
				DEBUG_INFORMATION_FORMAT = dwarf;
				ENABLE_STRICT_OBJC_MSGSEND = YES;
				ENABLE_TESTABILITY = YES;
				GCC_C_LANGUAGE_STANDARD = gnu11;
				GCC_DYNAMIC_NO_PIC = NO;
				GCC_NO_COMMON_BLOCKS = YES;
				GCC_OPTIMIZATION_LEVEL = 0;
				GCC_PREPROCESSOR_DEFINITIONS = (
					"DEBUG=1",
					"$(inherited)",
				);
				GCC_WARN_64_TO_32_BIT_CONVERSION = YES;
				GCC_WARN_ABOUT_RETURN_TYPE = YES_ERROR;
				GCC_WARN_UNDECLARED_SELECTOR = YES;
				GCC_WARN_UNINITIALIZED_AUTOS = YES_AGGRESSIVE;
				GCC_WARN_UNUSED_FUNCTION = YES;
				GCC_WARN_UNUSED_VARIABLE = YES;
				IPHONEOS_DEPLOYMENT_TARGET = 14.0;
				MTL_ENABLE_DEBUG_INFO = INCLUDE_SOURCE;
				MTL_FAST_MATH = YES;
				ONLY_ACTIVE_ARCH = YES;
				SDKROOT = iphoneos;
				SWIFT_ACTIVE_COMPILATION_CONDITIONS = DEBUG;
				SWIFT_OPTIMIZATION_LEVEL = "-Onone";
			};
			name = Debug;
		};
		DE34A8042930CBCD00CB2C60 /* Release */ = {
			isa = XCBuildConfiguration;
			buildSettings = {
				ALWAYS_SEARCH_USER_PATHS = NO;
				CLANG_ANALYZER_NONNULL = YES;
				CLANG_ANALYZER_NUMBER_OBJECT_CONVERSION = YES_AGGRESSIVE;
				CLANG_CXX_LANGUAGE_STANDARD = "gnu++20";
				CLANG_ENABLE_MODULES = YES;
				CLANG_ENABLE_OBJC_ARC = YES;
				CLANG_ENABLE_OBJC_WEAK = YES;
				CLANG_WARN_BLOCK_CAPTURE_AUTORELEASING = YES;
				CLANG_WARN_BOOL_CONVERSION = YES;
				CLANG_WARN_COMMA = YES;
				CLANG_WARN_CONSTANT_CONVERSION = YES;
				CLANG_WARN_DEPRECATED_OBJC_IMPLEMENTATIONS = YES;
				CLANG_WARN_DIRECT_OBJC_ISA_USAGE = YES_ERROR;
				CLANG_WARN_DOCUMENTATION_COMMENTS = YES;
				CLANG_WARN_EMPTY_BODY = YES;
				CLANG_WARN_ENUM_CONVERSION = YES;
				CLANG_WARN_INFINITE_RECURSION = YES;
				CLANG_WARN_INT_CONVERSION = YES;
				CLANG_WARN_NON_LITERAL_NULL_CONVERSION = YES;
				CLANG_WARN_OBJC_IMPLICIT_RETAIN_SELF = YES;
				CLANG_WARN_OBJC_LITERAL_CONVERSION = YES;
				CLANG_WARN_OBJC_ROOT_CLASS = YES_ERROR;
				CLANG_WARN_QUOTED_INCLUDE_IN_FRAMEWORK_HEADER = YES;
				CLANG_WARN_RANGE_LOOP_ANALYSIS = YES;
				CLANG_WARN_STRICT_PROTOTYPES = YES;
				CLANG_WARN_SUSPICIOUS_MOVE = YES;
				CLANG_WARN_UNGUARDED_AVAILABILITY = YES_AGGRESSIVE;
				CLANG_WARN_UNREACHABLE_CODE = YES;
				CLANG_WARN__DUPLICATE_METHOD_MATCH = YES;
				COPY_PHASE_STRIP = NO;
				DEBUG_INFORMATION_FORMAT = "dwarf-with-dsym";
				ENABLE_NS_ASSERTIONS = NO;
				ENABLE_STRICT_OBJC_MSGSEND = YES;
				GCC_C_LANGUAGE_STANDARD = gnu11;
				GCC_NO_COMMON_BLOCKS = YES;
				GCC_WARN_64_TO_32_BIT_CONVERSION = YES;
				GCC_WARN_ABOUT_RETURN_TYPE = YES_ERROR;
				GCC_WARN_UNDECLARED_SELECTOR = YES;
				GCC_WARN_UNINITIALIZED_AUTOS = YES_AGGRESSIVE;
				GCC_WARN_UNUSED_FUNCTION = YES;
				GCC_WARN_UNUSED_VARIABLE = YES;
				IPHONEOS_DEPLOYMENT_TARGET = 14.0;
				MTL_ENABLE_DEBUG_INFO = NO;
				MTL_FAST_MATH = YES;
				SDKROOT = iphoneos;
				SWIFT_COMPILATION_MODE = wholemodule;
				SWIFT_OPTIMIZATION_LEVEL = "-O";
				VALIDATE_PRODUCT = YES;
			};
			name = Release;
		};
		DE34A8062930CBCD00CB2C60 /* Debug */ = {
			isa = XCBuildConfiguration;
			baseConfigurationReference = 1A7050A6A9373C0CD81FAEED /* Pods-Tell The Sky.debug.xcconfig */;
			buildSettings = {
				ASSETCATALOG_COMPILER_APPICON_NAME = AppIcon;
				ASSETCATALOG_COMPILER_GLOBAL_ACCENT_COLOR_NAME = AccentColor;
				CODE_SIGN_STYLE = Automatic;
				CURRENT_PROJECT_VERSION = 25082023;
				DEVELOPMENT_TEAM = WD28M49YQQ;
				GENERATE_INFOPLIST_FILE = YES;
				INFOPLIST_FILE = "Tell The Sky/Info.plist";
				INFOPLIST_KEY_CFBundleDisplayName = "Tell The Sky";
				INFOPLIST_KEY_LSApplicationCategoryType = "public.app-category.weather";
				INFOPLIST_KEY_NSLocationAlwaysAndWhenInUseUsageDescription = "Tell The Sky use your location to provide you with accurate weather data and forecasts.";
				INFOPLIST_KEY_NSLocationAlwaysUsageDescription = "Tell The Sky use your location to provide you with accurate weather data and forecasts.";
				INFOPLIST_KEY_NSLocationUsageDescription = "Tell The Sky use your location to provide you with accurate weather data and forecasts.";
				INFOPLIST_KEY_NSLocationWhenInUseUsageDescription = "Tell The Sky use your location to provide you with accurate weather data and forecasts.";
				INFOPLIST_KEY_UIApplicationSupportsIndirectInputEvents = YES;
				INFOPLIST_KEY_UILaunchStoryboardName = LaunchScreen;
				INFOPLIST_KEY_UIMainStoryboardFile = Main;
				INFOPLIST_KEY_UISupportedInterfaceOrientations = UIInterfaceOrientationPortrait;
				INFOPLIST_KEY_UISupportedInterfaceOrientations_iPad = "UIInterfaceOrientationLandscapeLeft UIInterfaceOrientationLandscapeRight UIInterfaceOrientationPortrait UIInterfaceOrientationPortraitUpsideDown";
				INFOPLIST_KEY_UIUserInterfaceStyle = Light;
				LD_RUNPATH_SEARCH_PATHS = (
					"$(inherited)",
					"@executable_path/Frameworks",
				);
				MARKETING_VERSION = 1.0;
				PRODUCT_BUNDLE_IDENTIFIER = "com.ArjunMohan.Tell-The-Sky";
				PRODUCT_NAME = "$(TARGET_NAME)";
				SUPPORTED_PLATFORMS = "iphoneos iphonesimulator";
				SUPPORTS_MACCATALYST = NO;
				SUPPORTS_MAC_DESIGNED_FOR_IPHONE_IPAD = NO;
				SWIFT_EMIT_LOC_STRINGS = YES;
				SWIFT_VERSION = 5.0;
				TARGETED_DEVICE_FAMILY = "1,2";
			};
			name = Debug;
		};
		DE34A8072930CBCD00CB2C60 /* Release */ = {
			isa = XCBuildConfiguration;
			baseConfigurationReference = 56374415E05EC5F1E589A1BD /* Pods-Tell The Sky.release.xcconfig */;
			buildSettings = {
				ASSETCATALOG_COMPILER_APPICON_NAME = AppIcon;
				ASSETCATALOG_COMPILER_GLOBAL_ACCENT_COLOR_NAME = AccentColor;
				CODE_SIGN_STYLE = Automatic;
				CURRENT_PROJECT_VERSION = 25082023;
				DEVELOPMENT_TEAM = WD28M49YQQ;
				GENERATE_INFOPLIST_FILE = YES;
				INFOPLIST_FILE = "Tell The Sky/Info.plist";
				INFOPLIST_KEY_CFBundleDisplayName = "Tell The Sky";
				INFOPLIST_KEY_LSApplicationCategoryType = "public.app-category.weather";
				INFOPLIST_KEY_NSLocationAlwaysAndWhenInUseUsageDescription = "Tell The Sky use your location to provide you with accurate weather data and forecasts.";
				INFOPLIST_KEY_NSLocationAlwaysUsageDescription = "Tell The Sky use your location to provide you with accurate weather data and forecasts.";
				INFOPLIST_KEY_NSLocationUsageDescription = "Tell The Sky use your location to provide you with accurate weather data and forecasts.";
				INFOPLIST_KEY_NSLocationWhenInUseUsageDescription = "Tell The Sky use your location to provide you with accurate weather data and forecasts.";
				INFOPLIST_KEY_UIApplicationSupportsIndirectInputEvents = YES;
				INFOPLIST_KEY_UILaunchStoryboardName = LaunchScreen;
				INFOPLIST_KEY_UIMainStoryboardFile = Main;
				INFOPLIST_KEY_UISupportedInterfaceOrientations = UIInterfaceOrientationPortrait;
				INFOPLIST_KEY_UISupportedInterfaceOrientations_iPad = "UIInterfaceOrientationLandscapeLeft UIInterfaceOrientationLandscapeRight UIInterfaceOrientationPortrait UIInterfaceOrientationPortraitUpsideDown";
				INFOPLIST_KEY_UIUserInterfaceStyle = Light;
				LD_RUNPATH_SEARCH_PATHS = (
					"$(inherited)",
					"@executable_path/Frameworks",
				);
				MARKETING_VERSION = 1.0;
				PRODUCT_BUNDLE_IDENTIFIER = "com.ArjunMohan.Tell-The-Sky";
				PRODUCT_NAME = "$(TARGET_NAME)";
				SUPPORTED_PLATFORMS = "iphoneos iphonesimulator";
				SUPPORTS_MACCATALYST = NO;
				SUPPORTS_MAC_DESIGNED_FOR_IPHONE_IPAD = NO;
				SWIFT_EMIT_LOC_STRINGS = YES;
				SWIFT_VERSION = 5.0;
				TARGETED_DEVICE_FAMILY = "1,2";
			};
			name = Release;
		};
		DE34A8092930CBCD00CB2C60 /* Debug */ = {
			isa = XCBuildConfiguration;
			baseConfigurationReference = F7BD35B9DFF8B20F7F9F2D62 /* Pods-Tell The SkyTests.debug.xcconfig */;
			buildSettings = {
				ALWAYS_EMBED_SWIFT_STANDARD_LIBRARIES = YES;
				BUNDLE_LOADER = "$(TEST_HOST)";
				CODE_SIGN_STYLE = Automatic;
				CURRENT_PROJECT_VERSION = 1;
				DEVELOPMENT_TEAM = WD28M49YQQ;
				GENERATE_INFOPLIST_FILE = YES;
				IPHONEOS_DEPLOYMENT_TARGET = 16.1;
				MARKETING_VERSION = 1.0;
				PRODUCT_BUNDLE_IDENTIFIER = "com.ArjunMohan.Tell-The-SkyTests";
				PRODUCT_NAME = "$(TARGET_NAME)";
				SWIFT_EMIT_LOC_STRINGS = NO;
				SWIFT_VERSION = 5.0;
				TARGETED_DEVICE_FAMILY = "1,2";
				TEST_HOST = "$(BUILT_PRODUCTS_DIR)/Tell The Sky.app/$(BUNDLE_EXECUTABLE_FOLDER_PATH)/Tell The Sky";
			};
			name = Debug;
		};
		DE34A80A2930CBCD00CB2C60 /* Release */ = {
			isa = XCBuildConfiguration;
			baseConfigurationReference = 6E26252F01B41DEB08FD919F /* Pods-Tell The SkyTests.release.xcconfig */;
			buildSettings = {
				ALWAYS_EMBED_SWIFT_STANDARD_LIBRARIES = YES;
				BUNDLE_LOADER = "$(TEST_HOST)";
				CODE_SIGN_STYLE = Automatic;
				CURRENT_PROJECT_VERSION = 1;
				DEVELOPMENT_TEAM = WD28M49YQQ;
				GENERATE_INFOPLIST_FILE = YES;
				IPHONEOS_DEPLOYMENT_TARGET = 16.1;
				MARKETING_VERSION = 1.0;
				PRODUCT_BUNDLE_IDENTIFIER = "com.ArjunMohan.Tell-The-SkyTests";
				PRODUCT_NAME = "$(TARGET_NAME)";
				SWIFT_EMIT_LOC_STRINGS = NO;
				SWIFT_VERSION = 5.0;
				TARGETED_DEVICE_FAMILY = "1,2";
				TEST_HOST = "$(BUILT_PRODUCTS_DIR)/Tell The Sky.app/$(BUNDLE_EXECUTABLE_FOLDER_PATH)/Tell The Sky";
			};
			name = Release;
		};
		DE34A80C2930CBCD00CB2C60 /* Debug */ = {
			isa = XCBuildConfiguration;
			baseConfigurationReference = 090E747B38780743B68DF853 /* Pods-Tell The Sky-Tell The SkyUITests.debug.xcconfig */;
			buildSettings = {
				ALWAYS_EMBED_SWIFT_STANDARD_LIBRARIES = YES;
				CODE_SIGN_STYLE = Automatic;
				CURRENT_PROJECT_VERSION = 1;
				DEVELOPMENT_TEAM = WD28M49YQQ;
				GENERATE_INFOPLIST_FILE = YES;
				MARKETING_VERSION = 1.0;
				PRODUCT_BUNDLE_IDENTIFIER = "com.ArjunMohan.Tell-The-SkyUITests";
				PRODUCT_NAME = "$(TARGET_NAME)";
				SWIFT_EMIT_LOC_STRINGS = NO;
				SWIFT_VERSION = 5.0;
				TARGETED_DEVICE_FAMILY = "1,2";
				TEST_TARGET_NAME = "Tell The Sky";
			};
			name = Debug;
		};
		DE34A80D2930CBCD00CB2C60 /* Release */ = {
			isa = XCBuildConfiguration;
			baseConfigurationReference = C77A21D53FB3B68FD73C996B /* Pods-Tell The Sky-Tell The SkyUITests.release.xcconfig */;
			buildSettings = {
				ALWAYS_EMBED_SWIFT_STANDARD_LIBRARIES = YES;
				CODE_SIGN_STYLE = Automatic;
				CURRENT_PROJECT_VERSION = 1;
				DEVELOPMENT_TEAM = WD28M49YQQ;
				GENERATE_INFOPLIST_FILE = YES;
				MARKETING_VERSION = 1.0;
				PRODUCT_BUNDLE_IDENTIFIER = "com.ArjunMohan.Tell-The-SkyUITests";
				PRODUCT_NAME = "$(TARGET_NAME)";
				SWIFT_EMIT_LOC_STRINGS = NO;
				SWIFT_VERSION = 5.0;
				TARGETED_DEVICE_FAMILY = "1,2";
				TEST_TARGET_NAME = "Tell The Sky";
			};
			name = Release;
		};
/* End XCBuildConfiguration section */

/* Begin XCConfigurationList section */
		DE34A7D62930CBCC00CB2C60 /* Build configuration list for PBXProject "Tell The Sky" */ = {
			isa = XCConfigurationList;
			buildConfigurations = (
				DE34A8032930CBCD00CB2C60 /* Debug */,
				DE34A8042930CBCD00CB2C60 /* Release */,
			);
			defaultConfigurationIsVisible = 0;
			defaultConfigurationName = Release;
		};
		DE34A8052930CBCD00CB2C60 /* Build configuration list for PBXNativeTarget "Tell The Sky" */ = {
			isa = XCConfigurationList;
			buildConfigurations = (
				DE34A8062930CBCD00CB2C60 /* Debug */,
				DE34A8072930CBCD00CB2C60 /* Release */,
			);
			defaultConfigurationIsVisible = 0;
			defaultConfigurationName = Release;
		};
		DE34A8082930CBCD00CB2C60 /* Build configuration list for PBXNativeTarget "Tell The SkyTests" */ = {
			isa = XCConfigurationList;
			buildConfigurations = (
				DE34A8092930CBCD00CB2C60 /* Debug */,
				DE34A80A2930CBCD00CB2C60 /* Release */,
			);
			defaultConfigurationIsVisible = 0;
			defaultConfigurationName = Release;
		};
		DE34A80B2930CBCD00CB2C60 /* Build configuration list for PBXNativeTarget "Tell The SkyUITests" */ = {
			isa = XCConfigurationList;
			buildConfigurations = (
				DE34A80C2930CBCD00CB2C60 /* Debug */,
				DE34A80D2930CBCD00CB2C60 /* Release */,
			);
			defaultConfigurationIsVisible = 0;
			defaultConfigurationName = Release;
		};
/* End XCConfigurationList section */
	};
	rootObject = DE34A7D32930CBCC00CB2C60 /* Project object */;
}
